
Microsoft Visual Studio Solution File, Format Version 12.00
# Visual Studio Version 17
VisualStudioVersion = 17.7.34031.279
MinimumVisualStudioVersion = 10.0.40219.1
Project("{888888A0-9F3D-457C-B088-3A5042F75D52}") = "GeoFlight Replay", "GeoFlight Replay.pyproj", "{E8793682-16B1-4C17-9273-44832500066B}"
EndProject
Global
	GlobalSection(SolutionConfigurationPlatforms) = preSolution
		Debug|Any CPU = Debug|Any CPU
		Release|Any CPU = Release|Any CPU
	EndGlobalSection
	GlobalSection(ProjectConfigurationPlatforms) = postSolution
		{E8793682-16B1-4C17-9273-44832500066B}.Debug|Any CPU.ActiveCfg = Debug|Any CPU
		{E8793682-16B1-4C17-9273-44832500066B}.Release|Any CPU.ActiveCfg = Release|Any CPU
	EndGlobalSection
	GlobalSection(SolutionProperties) = preSolution
		HideSolutionNode = FALSE
	EndGlobalSection
	GlobalSection(ExtensibilityGlobals) = postSolution
		SolutionGuid = {49C01302-FEDA-48AC-AD47-11197923D5BB}
	EndGlobalSection
EndGlobal
